
Microsoft Visual Studio Solution File, Format Version 12.00
# Visual Studio Version 16
VisualStudioVersion = 16.0.31321.278
MinimumVisualStudioVersion = 10.0.40219.1
Project("{9A19103F-16F7-4668-BE54-9A1E7A4F7556}") = "ServerApp", "ServerApp\ServerApp.csproj", "{4384C595-ECD9-4CE3-BD09-57631F907C88}"
EndProject
Project("{E24C65DC-7377-472B-9ABA-BC803B73C61A}") = "ClientApp", "ClientApp\", "{8291DFA7-D302-4AA7-8E53-956978792B23}"
	ProjectSection(WebsiteProperties) = preProject
		TargetFrameworkMoniker = ".NETFramework,Version%3Dv4.0"
		Debug.AspNetCompiler.VirtualPath = "/localhost_50050"
		Debug.AspNetCompiler.PhysicalPath = "ClientApp\"
		Debug.AspNetCompiler.TargetPath = "PrecompiledWeb\localhost_50050\"
		Debug.AspNetCompiler.Updateable = "true"
		Debug.AspNetCompiler.ForceOverwrite = "true"
		Debug.AspNetCompiler.FixedNames = "false"
		Debug.AspNetCompiler.Debug = "True"
		Release.AspNetCompiler.VirtualPath = "/localhost_50050"
		Release.AspNetCompiler.PhysicalPath = "ClientApp\"
		Release.AspNetCompiler.TargetPath = "PrecompiledWeb\localhost_50050\"
		Release.AspNetCompiler.Updateable = "true"
		Release.AspNetCompiler.ForceOverwrite = "true"
		Release.AspNetCompiler.FixedNames = "false"
		Release.AspNetCompiler.Debug = "False"
		VWDPort = "50050"
		SlnRelativePath = "ClientApp\"
	EndProjectSection
EndProject
Global
	GlobalSection(SolutionConfigurationPlatforms) = preSolution
		Debug|Any CPU = Debug|Any CPU
		Release|Any CPU = Release|Any CPU
	EndGlobalSection
	GlobalSection(ProjectConfigurationPlatforms) = postSolution
		{4384C595-ECD9-4CE3-BD09-57631F907C88}.Debug|Any CPU.ActiveCfg = Debug|Any CPU
		{4384C595-ECD9-4CE3-BD09-57631F907C88}.Debug|Any CPU.Build.0 = Debug|Any CPU
		{4384C595-ECD9-4CE3-BD09-57631F907C88}.Release|Any CPU.ActiveCfg = Release|Any CPU
		{4384C595-ECD9-4CE3-BD09-57631F907C88}.Release|Any CPU.Build.0 = Release|Any CPU
		{8291DFA7-D302-4AA7-8E53-956978792B23}.Debug|Any CPU.ActiveCfg = Debug|Any CPU
		{8291DFA7-D302-4AA7-8E53-956978792B23}.Debug|Any CPU.Build.0 = Debug|Any CPU
		{8291DFA7-D302-4AA7-8E53-956978792B23}.Release|Any CPU.ActiveCfg = Debug|Any CPU
		{8291DFA7-D302-4AA7-8E53-956978792B23}.Release|Any CPU.Build.0 = Debug|Any CPU
	EndGlobalSection
	GlobalSection(SolutionProperties) = preSolution
		HideSolutionNode = FALSE
	EndGlobalSection
	GlobalSection(ExtensibilityGlobals) = postSolution
		SolutionGuid = {5B642592-4D12-4DFA-91CC-5FF1680BA4A6}
	EndGlobalSection
EndGlobal
